github.com/nunocoracao/blowfish/v2 v2.90.0 h1:YWPCPA3FjipI5DNaKwd64d8xdQK0Km7scW+OJ4sX9mg=
github.com/nunocoracao/blowfish/v2 v2.90.0/go.mod h1:4SkMc+Ht8gpQCwArqiHMBDP3soxi2OWuAhVney+cuyk=
github.com/nunocoracao/blowfish/v2 v2.92.0/go.mod h1:4SkMc+Ht8gpQCwArqiHMBDP3soxi2OWuAhVney+cuyk=
github.com/nunocoracao/blowfish/v2 v2.93.0 h1:Icew7jladCzzfEVFmxP8rZWodDdE2moPAJZhfJvT8vU=
github.com/nunocoracao/blowfish/v2 v2.93.0/go.mod h1:4SkMc+Ht8gpQCwArqiHMBDP3soxi2OWuAhVney+cuyk=
github.com/nunocoracao/blowfish/v2 v2.95.0/go.mod h1:4SkMc+Ht8gpQCwArqiHMBDP3soxi2OWuAhVney+cuyk=
github.com/nunocoracao/blowfish/v2 v2.96.0/go.mod h1:4SkMc+Ht8gpQCwArqiHMBDP3soxi2OWuAhVney+cuyk=
